{
  "name": "confetti_cusine",
  "version": "1.0.0",
  "lockfileVersion": 1,
  "requires": true,
  "dependencies": {
    "http-status-code": {
      "version": "2.1.0",
      "resolved": "https://registry.npmjs.org/http-status-code/-/http-status-code-2.1.0.tgz",
      "integrity": "sha1-Pg3IXqQ2nPTL2xvERH0rQRS9TTo=",
      "requires": {
        "strip-json-comments": "^1.0.2"
      }
    },
    "strip-json-comments": {
      "version": "1.0.4",
      "resolved": "https://registry.npmjs.org/strip-json-comments/-/strip-json-comments-1.0.4.tgz",
      "integrity": "sha1-HhX7ysl9Pumb8tc7TGVrCCu6+5E="
    }
  }
}
