{
  "name": "simple-http-response",
  "version": "1.0.0",
  "lockfileVersion": 1,
  "requires": true,
  "dependencies": {
    "code": {
      "version": "5.2.4",
      "resolved": "https://registry.npmjs.org/code/-/code-5.2.4.tgz",
      "integrity": "sha512-PkH2B69kE/ETlWJCFrMHbBXzmReeSHMdky5nAfX01cnloOxfYEQ6mGlowBpeyJUZr8kNBjvHd88NkGqYZltbTw==",
      "requires": {
        "hoek": "6.x.x"
      }
    },
    "hoek": {
      "version": "6.1.3",
      "resolved": "https://registry.npmjs.org/hoek/-/hoek-6.1.3.tgz",
      "integrity": "sha512-YXXAAhmF9zpQbC7LEcREFtXfGq5K1fmd+4PHkBq8NUqmzW3G+Dq10bI/i0KucLRwss3YYFQ0fSfoxBZYiGUqtQ=="
    },
    "http": {
      "version": "0.0.0",
      "resolved": "https://registry.npmjs.org/http/-/http-0.0.0.tgz",
      "integrity": "sha1-huYybSnF0Dnen6xYSkVon5KfT3I="
    },
    "http-status": {
      "version": "1.4.2",
      "resolved": "https://registry.npmjs.org/http-status/-/http-status-1.4.2.tgz",
      "integrity": "sha512-mBnIohUwRw9NyXMEMMv8/GANnzEYUj0Y8d3uL01zDWFkxUjYyZ6rgCaAI2zZ1Wb34Oqtbx/nFZolPRDc8Xlm5A=="
    },
    "http-status-code": {
      "version": "2.1.0",
      "resolved": "https://registry.npmjs.org/http-status-code/-/http-status-code-2.1.0.tgz",
      "integrity": "sha1-Pg3IXqQ2nPTL2xvERH0rQRS9TTo=",
      "requires": {
        "strip-json-comments": "^1.0.2"
      }
    },
    "install": {
      "version": "0.13.0",
      "resolved": "https://registry.npmjs.org/install/-/install-0.13.0.tgz",
      "integrity": "sha512-zDml/jzr2PKU9I8J/xyZBQn8rPCAY//UOYNmR01XwNwyfhEWObo2SWfSl1+0tm1u6PhxLwDnfsT/6jB7OUxqFA=="
    },
    "strip-json-comments": {
      "version": "1.0.4",
      "resolved": "https://registry.npmjs.org/strip-json-comments/-/strip-json-comments-1.0.4.tgz",
      "integrity": "sha1-HhX7ysl9Pumb8tc7TGVrCCu6+5E="
    }
  }
}
